
Microsoft Visual Studio Solution File, Format Version 12.00
# Visual Studio Version 17
VisualStudioVersion = 17.8.34322.80
MinimumVisualStudioVersion = 10.0.40219.1
Project("{FAE04EC0-301F-11D3-BF4B-00C04F79EFBC}") = "Lab2", "Lab2.csproj", "{518FD56C-FFBE-470F-AFE5-1162458F2D6C}"
EndProject
Global
	GlobalSection(SolutionConfigurationPlatforms) = preSolution
		Debug|Any CPU = Debug|Any CPU
		Release|Any CPU = Release|Any CPU
	EndGlobalSection
	GlobalSection(ProjectConfigurationPlatforms) = postSolution
		{518FD56C-FFBE-470F-AFE5-1162458F2D6C}.Debug|Any CPU.ActiveCfg = Debug|Any CPU
		{518FD56C-FFBE-470F-AFE5-1162458F2D6C}.Debug|Any CPU.Build.0 = Debug|Any CPU
		{518FD56C-FFBE-470F-AFE5-1162458F2D6C}.Release|Any CPU.ActiveCfg = Release|Any CPU
		{518FD56C-FFBE-470F-AFE5-1162458F2D6C}.Release|Any CPU.Build.0 = Release|Any CPU
	EndGlobalSection
	GlobalSection(SolutionProperties) = preSolution
		HideSolutionNode = FALSE
	EndGlobalSection
	GlobalSection(ExtensibilityGlobals) = postSolution
		SolutionGuid = {C687905B-EF80-4077-9DAD-5AF7560CC585}
	EndGlobalSection
EndGlobal
